# This file was autogenerated by Stack.
# You should not edit this file by hand.
# For more information, please see the documentation at:
#   https://docs.haskellstack.org/en/stable/lock_files

packages:
- completed:
    hackage: mutable-lens-0.4.0.0@sha256:efe692373c2c55489d5fb43fb17119182476cec1acf7271141ad48d41669a4ad,4078
    pantry-tree:
      size: 566
      sha256: f61d20be6396280d998784bfaaaa1392678ed3226a24afd6a9c4386445051a04
  original:
    hackage: mutable-lens-0.4.0.0@sha256:efe692373c2c55489d5fb43fb17119182476cec1acf7271141ad48d41669a4ad,4078
snapshots:
- completed:
    size: 531674
    url: https://raw.githubusercontent.com/commercialhaskell/stackage-snapshots/master/lts/16/2.yaml
    sha256: 4b08fb9338ca297de7ade8318f4be1216f14dff8c0426c001fb7886ee88cb84a
  original: lts-16.2
